// !$*UTF8*$!
{
	archiveVersion = 1;
	classes = {
	};
	objectVersion = 56;
	objects = {

/* Begin PBXBuildFile section */
		1629B1962BB4559E007ADF0E /* ProgressHUD in Frameworks */ = {isa = PBXBuildFile; productRef = 1629B1952BB4559E007ADF0E /* ProgressHUD */; };
		1629B1992BB45654007ADF0E /* GoogleService-Info.plist in Resources */ = {isa = PBXBuildFile; fileRef = 1629B1982BB45653007ADF0E /* GoogleService-Info.plist */; };
		1629B19D2BB45879007ADF0E /* FirebaseAnalytics in Frameworks */ = {isa = PBXBuildFile; productRef = 1629B19C2BB45879007ADF0E /* FirebaseAnalytics */; };
		1629B19F2BB45879007ADF0E /* FirebaseAnalyticsOnDeviceConversion in Frameworks */ = {isa = PBXBuildFile; productRef = 1629B19E2BB45879007ADF0E /* FirebaseAnalyticsOnDeviceConversion */; };
		1629B1A12BB45879007ADF0E /* FirebaseAnalyticsSwift in Frameworks */ = {isa = PBXBuildFile; productRef = 1629B1A02BB45879007ADF0E /* FirebaseAnalyticsSwift */; };
		1629B1A32BB45879007ADF0E /* FirebaseAnalyticsWithoutAdIdSupport in Frameworks */ = {isa = PBXBuildFile; productRef = 1629B1A22BB45879007ADF0E /* FirebaseAnalyticsWithoutAdIdSupport */; };
		1629B1A52BB45879007ADF0E /* FirebaseAppCheck in Frameworks */ = {isa = PBXBuildFile; productRef = 1629B1A42BB45879007ADF0E /* FirebaseAppCheck */; };
		1629B1A72BB45879007ADF0E /* FirebaseAppDistribution-Beta in Frameworks */ = {isa = PBXBuildFile; productRef = 1629B1A62BB45879007ADF0E /* FirebaseAppDistribution-Beta */; };
		1629B1A92BB45879007ADF0E /* FirebaseAuth in Frameworks */ = {isa = PBXBuildFile; productRef = 1629B1A82BB45879007ADF0E /* FirebaseAuth */; };
		1629B1AB2BB45879007ADF0E /* FirebaseAuthCombine-Community in Frameworks */ = {isa = PBXBuildFile; productRef = 1629B1AA2BB45879007ADF0E /* FirebaseAuthCombine-Community */; };
		1629B1AD2BB45879007ADF0E /* FirebaseCrashlytics in Frameworks */ = {isa = PBXBuildFile; productRef = 1629B1AC2BB45879007ADF0E /* FirebaseCrashlytics */; };
		1629B1AF2BB45879007ADF0E /* FirebaseDatabase in Frameworks */ = {isa = PBXBuildFile; productRef = 1629B1AE2BB45879007ADF0E /* FirebaseDatabase */; };
		1629B1B12BB45879007ADF0E /* FirebaseDatabaseSwift in Frameworks */ = {isa = PBXBuildFile; productRef = 1629B1B02BB45879007ADF0E /* FirebaseDatabaseSwift */; };
		1629B1B32BB45879007ADF0E /* FirebaseDynamicLinks in Frameworks */ = {isa = PBXBuildFile; productRef = 1629B1B22BB45879007ADF0E /* FirebaseDynamicLinks */; };
		1629B1B52BB45879007ADF0E /* FirebaseFirestore in Frameworks */ = {isa = PBXBuildFile; productRef = 1629B1B42BB45879007ADF0E /* FirebaseFirestore */; };
		1629B1B72BB45879007ADF0E /* FirebaseFirestoreCombine-Community in Frameworks */ = {isa = PBXBuildFile; productRef = 1629B1B62BB45879007ADF0E /* FirebaseFirestoreCombine-Community */; };
		1629B1B92BB45879007ADF0E /* FirebaseFirestoreSwift in Frameworks */ = {isa = PBXBuildFile; productRef = 1629B1B82BB45879007ADF0E /* FirebaseFirestoreSwift */; };
		1629B1BB2BB45879007ADF0E /* FirebaseFunctions in Frameworks */ = {isa = PBXBuildFile; productRef = 1629B1BA2BB45879007ADF0E /* FirebaseFunctions */; };
		1629B1BD2BB45879007ADF0E /* FirebaseFunctionsCombine-Community in Frameworks */ = {isa = PBXBuildFile; productRef = 1629B1BC2BB45879007ADF0E /* FirebaseFunctionsCombine-Community */; };
		1629B1BF2BB45879007ADF0E /* FirebaseInAppMessaging-Beta in Frameworks */ = {isa = PBXBuildFile; productRef = 1629B1BE2BB45879007ADF0E /* FirebaseInAppMessaging-Beta */; };
		1629B1C12BB45879007ADF0E /* FirebaseInAppMessagingSwift-Beta in Frameworks */ = {isa = PBXBuildFile; productRef = 1629B1C02BB45879007ADF0E /* FirebaseInAppMessagingSwift-Beta */; };
		1629B1C32BB45879007ADF0E /* FirebaseInstallations in Frameworks */ = {isa = PBXBuildFile; productRef = 1629B1C22BB45879007ADF0E /* FirebaseInstallations */; };
		1629B1C52BB45879007ADF0E /* FirebaseMessaging in Frameworks */ = {isa = PBXBuildFile; productRef = 1629B1C42BB45879007ADF0E /* FirebaseMessaging */; };
		1629B1C72BB45879007ADF0E /* FirebaseMLModelDownloader in Frameworks */ = {isa = PBXBuildFile; productRef = 1629B1C62BB45879007ADF0E /* FirebaseMLModelDownloader */; };
		1629B1C92BB4587A007ADF0E /* FirebasePerformance in Frameworks */ = {isa = PBXBuildFile; productRef = 1629B1C82BB4587A007ADF0E /* FirebasePerformance */; };
		1629B1CB2BB4587A007ADF0E /* FirebaseRemoteConfig in Frameworks */ = {isa = PBXBuildFile; productRef = 1629B1CA2BB4587A007ADF0E /* FirebaseRemoteConfig */; };
		1629B1CD2BB4587A007ADF0E /* FirebaseRemoteConfigSwift in Frameworks */ = {isa = PBXBuildFile; productRef = 1629B1CC2BB4587A007ADF0E /* FirebaseRemoteConfigSwift */; };
		1629B1CF2BB4587A007ADF0E /* FirebaseStorage in Frameworks */ = {isa = PBXBuildFile; productRef = 1629B1CE2BB4587A007ADF0E /* FirebaseStorage */; };
		1629B1D12BB4587A007ADF0E /* FirebaseStorageCombine-Community in Frameworks */ = {isa = PBXBuildFile; productRef = 1629B1D02BB4587A007ADF0E /* FirebaseStorageCombine-Community */; };
		1629B1D32BB458EB007ADF0E /* LoginView.swift in Sources */ = {isa = PBXBuildFile; fileRef = 1629B1D22BB458EB007ADF0E /* LoginView.swift */; };
		1629B1D62BB46393007ADF0E /* Navigation.swift in Sources */ = {isa = PBXBuildFile; fileRef = 1629B1D52BB46393007ADF0E /* Navigation.swift */; };
		16A64F3B2BADD10800B659C3 /* UniBookMi_IOSApp.swift in Sources */ = {isa = PBXBuildFile; fileRef = 16A64F3A2BADD10800B659C3 /* UniBookMi_IOSApp.swift */; };
		16A64F3D2BADD10800B659C3 /* ContentView.swift in Sources */ = {isa = PBXBuildFile; fileRef = 16A64F3C2BADD10800B659C3 /* ContentView.swift */; };
		16A64F3F2BADD10B00B659C3 /* Assets.xcassets in Resources */ = {isa = PBXBuildFile; fileRef = 16A64F3E2BADD10B00B659C3 /* Assets.xcassets */; };
		16A64F422BADD10B00B659C3 /* Preview Assets.xcassets in Resources */ = {isa = PBXBuildFile; fileRef = 16A64F412BADD10B00B659C3 /* Preview Assets.xcassets */; };
/* End PBXBuildFile section */

/* Begin PBXFileReference section */
		1629B1982BB45653007ADF0E /* GoogleService-Info.plist */ = {isa = PBXFileReference; fileEncoding = 4; lastKnownFileType = text.plist.xml; path = "GoogleService-Info.plist"; sourceTree = "<group>"; };
		1629B1D22BB458EB007ADF0E /* LoginView.swift */ = {isa = PBXFileReference; lastKnownFileType = sourcecode.swift; path = LoginView.swift; sourceTree = "<group>"; };
		1629B1D52BB46393007ADF0E /* Navigation.swift */ = {isa = PBXFileReference; lastKnownFileType = sourcecode.swift; path = Navigation.swift; sourceTree = "<group>"; };
		16A64F372BADD10800B659C3 /* UniBookMi-IOS.app */ = {isa = PBXFileReference; explicitFileType = wrapper.application; includeInIndex = 0; path = "UniBookMi-IOS.app"; sourceTree = BUILT_PRODUCTS_DIR; };
		16A64F3A2BADD10800B659C3 /* UniBookMi_IOSApp.swift */ = {isa = PBXFileReference; lastKnownFileType = sourcecode.swift; path = UniBookMi_IOSApp.swift; sourceTree = "<group>"; };
		16A64F3C2BADD10800B659C3 /* ContentView.swift */ = {isa = PBXFileReference; lastKnownFileType = sourcecode.swift; path = ContentView.swift; sourceTree = "<group>"; };
		16A64F3E2BADD10B00B659C3 /* Assets.xcassets */ = {isa = PBXFileReference; lastKnownFileType = folder.assetcatalog; path = Assets.xcassets; sourceTree = "<group>"; };
		16A64F412BADD10B00B659C3 /* Preview Assets.xcassets */ = {isa = PBXFileReference; lastKnownFileType = folder.assetcatalog; path = "Preview Assets.xcassets"; sourceTree = "<group>"; };
/* End PBXFileReference section */

/* Begin PBXFrameworksBuildPhase section */
		16A64F342BADD10800B659C3 /* Frameworks */ = {
			isa = PBXFrameworksBuildPhase;
			buildActionMask = 2147483647;
			files = (
				1629B1BB2BB45879007ADF0E /* FirebaseFunctions in Frameworks */,
				1629B1B12BB45879007ADF0E /* FirebaseDatabaseSwift in Frameworks */,
				1629B1C12BB45879007ADF0E /* FirebaseInAppMessagingSwift-Beta in Frameworks */,
				1629B1A72BB45879007ADF0E /* FirebaseAppDistribution-Beta in Frameworks */,
				1629B1AB2BB45879007ADF0E /* FirebaseAuthCombine-Community in Frameworks */,
				1629B1B72BB45879007ADF0E /* FirebaseFirestoreCombine-Community in Frameworks */,
				1629B1A12BB45879007ADF0E /* FirebaseAnalyticsSwift in Frameworks */,
				1629B1A32BB45879007ADF0E /* FirebaseAnalyticsWithoutAdIdSupport in Frameworks */,
				1629B19D2BB45879007ADF0E /* FirebaseAnalytics in Frameworks */,
				1629B1C72BB45879007ADF0E /* FirebaseMLModelDownloader in Frameworks */,
				1629B1B92BB45879007ADF0E /* FirebaseFirestoreSwift in Frameworks */,
				1629B19F2BB45879007ADF0E /* FirebaseAnalyticsOnDeviceConversion in Frameworks */,
				1629B1A52BB45879007ADF0E /* FirebaseAppCheck in Frameworks */,
				1629B1BF2BB45879007ADF0E /* FirebaseInAppMessaging-Beta in Frameworks */,
				1629B1C92BB4587A007ADF0E /* FirebasePerformance in Frameworks */,
				1629B1BD2BB45879007ADF0E /* FirebaseFunctionsCombine-Community in Frameworks */,
				1629B1AD2BB45879007ADF0E /* FirebaseCrashlytics in Frameworks */,
				1629B1C32BB45879007ADF0E /* FirebaseInstallations in Frameworks */,
				1629B1AF2BB45879007ADF0E /* FirebaseDatabase in Frameworks */,
				1629B1CB2BB4587A007ADF0E /* FirebaseRemoteConfig in Frameworks */,
				1629B1CF2BB4587A007ADF0E /* FirebaseStorage in Frameworks */,
				1629B1962BB4559E007ADF0E /* ProgressHUD in Frameworks */,
				1629B1D12BB4587A007ADF0E /* FirebaseStorageCombine-Community in Frameworks */,
				1629B1A92BB45879007ADF0E /* FirebaseAuth in Frameworks */,
				1629B1B32BB45879007ADF0E /* FirebaseDynamicLinks in Frameworks */,
				1629B1C52BB45879007ADF0E /* FirebaseMessaging in Frameworks */,
				1629B1B52BB45879007ADF0E /* FirebaseFirestore in Frameworks */,
				1629B1CD2BB4587A007ADF0E /* FirebaseRemoteConfigSwift in Frameworks */,
			);
			runOnlyForDeploymentPostprocessing = 0;
		};
/* End PBXFrameworksBuildPhase section */

/* Begin PBXGroup section */
		1629B19A2BB45841007ADF0E /* Feature */ = {
			isa = PBXGroup;
			children = (
				1629B1D22BB458EB007ADF0E /* LoginView.swift */,
			);
			path = Feature;
			sourceTree = "<group>";
		};
		1629B19B2BB45879007ADF0E /* Frameworks */ = {
			isa = PBXGroup;
			children = (
			);
			name = Frameworks;
			sourceTree = "<group>";
		};
		1629B1D42BB46386007ADF0E /* Configs */ = {
			isa = PBXGroup;
			children = (
				1629B1D52BB46393007ADF0E /* Navigation.swift */,
			);
			path = Configs;
			sourceTree = "<group>";
		};
		16A64F2E2BADD10800B659C3 = {
			isa = PBXGroup;
			children = (
				16A64F392BADD10800B659C3 /* UniBookMi-IOS */,
				16A64F382BADD10800B659C3 /* Products */,
				1629B19B2BB45879007ADF0E /* Frameworks */,
			);
			sourceTree = "<group>";
		};
		16A64F382BADD10800B659C3 /* Products */ = {
			isa = PBXGroup;
			children = (
				16A64F372BADD10800B659C3 /* UniBookMi-IOS.app */,
			);
			name = Products;
			sourceTree = "<group>";
		};
		16A64F392BADD10800B659C3 /* UniBookMi-IOS */ = {
			isa = PBXGroup;
			children = (
				1629B1D42BB46386007ADF0E /* Configs */,
				1629B19A2BB45841007ADF0E /* Feature */,
				1629B1982BB45653007ADF0E /* GoogleService-Info.plist */,
				16A64F3A2BADD10800B659C3 /* UniBookMi_IOSApp.swift */,
				16A64F3C2BADD10800B659C3 /* ContentView.swift */,
				16A64F3E2BADD10B00B659C3 /* Assets.xcassets */,
				16A64F402BADD10B00B659C3 /* Preview Content */,
			);
			path = "UniBookMi-IOS";
			sourceTree = "<group>";
		};
		16A64F402BADD10B00B659C3 /* Preview Content */ = {
			isa = PBXGroup;
			children = (
				16A64F412BADD10B00B659C3 /* Preview Assets.xcassets */,
			);
			path = "Preview Content";
			sourceTree = "<group>";
		};
/* End PBXGroup section */

/* Begin PBXNativeTarget section */
		16A64F362BADD10800B659C3 /* UniBookMi-IOS */ = {
			isa = PBXNativeTarget;
			buildConfigurationList = 16A64F452BADD10C00B659C3 /* Build configuration list for PBXNativeTarget "UniBookMi-IOS" */;
			buildPhases = (
				16A64F332BADD10800B659C3 /* Sources */,
				16A64F342BADD10800B659C3 /* Frameworks */,
				16A64F352BADD10800B659C3 /* Resources */,
			);
			buildRules = (
			);
			dependencies = (
			);
			name = "UniBookMi-IOS";
			packageProductDependencies = (
				1629B1952BB4559E007ADF0E /* ProgressHUD */,
				1629B19C2BB45879007ADF0E /* FirebaseAnalytics */,
				1629B19E2BB45879007ADF0E /* FirebaseAnalyticsOnDeviceConversion */,
				1629B1A02BB45879007ADF0E /* FirebaseAnalyticsSwift */,
				1629B1A22BB45879007ADF0E /* FirebaseAnalyticsWithoutAdIdSupport */,
				1629B1A42BB45879007ADF0E /* FirebaseAppCheck */,
				1629B1A62BB45879007ADF0E /* FirebaseAppDistribution-Beta */,
				1629B1A82BB45879007ADF0E /* FirebaseAuth */,
				1629B1AA2BB45879007ADF0E /* FirebaseAuthCombine-Community */,
				1629B1AC2BB45879007ADF0E /* FirebaseCrashlytics */,
				1629B1AE2BB45879007ADF0E /* FirebaseDatabase */,
				1629B1B02BB45879007ADF0E /* FirebaseDatabaseSwift */,
				1629B1B22BB45879007ADF0E /* FirebaseDynamicLinks */,
				1629B1B42BB45879007ADF0E /* FirebaseFirestore */,
				1629B1B62BB45879007ADF0E /* FirebaseFirestoreCombine-Community */,
				1629B1B82BB45879007ADF0E /* FirebaseFirestoreSwift */,
				1629B1BA2BB45879007ADF0E /* FirebaseFunctions */,
				1629B1BC2BB45879007ADF0E /* FirebaseFunctionsCombine-Community */,
				1629B1BE2BB45879007ADF0E /* FirebaseInAppMessaging-Beta */,
				1629B1C02BB45879007ADF0E /* FirebaseInAppMessagingSwift-Beta */,
				1629B1C22BB45879007ADF0E /* FirebaseInstallations */,
				1629B1C42BB45879007ADF0E /* FirebaseMessaging */,
				1629B1C62BB45879007ADF0E /* FirebaseMLModelDownloader */,
				1629B1C82BB4587A007ADF0E /* FirebasePerformance */,
				1629B1CA2BB4587A007ADF0E /* FirebaseRemoteConfig */,
				1629B1CC2BB4587A007ADF0E /* FirebaseRemoteConfigSwift */,
				1629B1CE2BB4587A007ADF0E /* FirebaseStorage */,
				1629B1D02BB4587A007ADF0E /* FirebaseStorageCombine-Community */,
			);
			productName = "UniBookMi-IOS";
			productReference = 16A64F372BADD10800B659C3 /* UniBookMi-IOS.app */;
			productType = "com.apple.product-type.application";
		};
/* End PBXNativeTarget section */

/* Begin PBXProject section */
		16A64F2F2BADD10800B659C3 /* Project object */ = {
			isa = PBXProject;
			attributes = {
				BuildIndependentTargetsInParallel = 1;
				LastSwiftUpdateCheck = 1530;
				LastUpgradeCheck = 1530;
				TargetAttributes = {
					16A64F362BADD10800B659C3 = {
						CreatedOnToolsVersion = 15.3;
					};
				};
			};
			buildConfigurationList = 16A64F322BADD10800B659C3 /* Build configuration list for PBXProject "UniBookMi-IOS" */;
			compatibilityVersion = "Xcode 14.0";
			developmentRegion = en;
			hasScannedForEncodings = 0;
			knownRegions = (
				en,
				Base,
			);
			mainGroup = 16A64F2E2BADD10800B659C3;
			packageReferences = (
				1629B1942BB4559E007ADF0E /* XCRemoteSwiftPackageReference "ProgressHUD" */,
				1629B1972BB455B2007ADF0E /* XCRemoteSwiftPackageReference "firebase-ios-sdk" */,
			);
			productRefGroup = 16A64F382BADD10800B659C3 /* Products */;
			projectDirPath = "";
			projectRoot = "";
			targets = (
				16A64F362BADD10800B659C3 /* UniBookMi-IOS */,
			);
		};
/* End PBXProject section */

/* Begin PBXResourcesBuildPhase section */
		16A64F352BADD10800B659C3 /* Resources */ = {
			isa = PBXResourcesBuildPhase;
			buildActionMask = 2147483647;
			files = (
				16A64F422BADD10B00B659C3 /* Preview Assets.xcassets in Resources */,
				16A64F3F2BADD10B00B659C3 /* Assets.xcassets in Resources */,
				1629B1992BB45654007ADF0E /* GoogleService-Info.plist in Resources */,
			);
			runOnlyForDeploymentPostprocessing = 0;
		};
/* End PBXResourcesBuildPhase section */

/* Begin PBXSourcesBuildPhase section */
		16A64F332BADD10800B659C3 /* Sources */ = {
			isa = PBXSourcesBuildPhase;
			buildActionMask = 2147483647;
			files = (
				1629B1D32BB458EB007ADF0E /* LoginView.swift in Sources */,
				16A64F3D2BADD10800B659C3 /* ContentView.swift in Sources */,
				16A64F3B2BADD10800B659C3 /* UniBookMi_IOSApp.swift in Sources */,
				1629B1D62BB46393007ADF0E /* Navigation.swift in Sources */,
			);
			runOnlyForDeploymentPostprocessing = 0;
		};
/* End PBXSourcesBuildPhase section */

/* Begin XCBuildConfiguration section */
		16A64F432BADD10B00B659C3 /* Debug */ = {
			isa = XCBuildConfiguration;
			buildSettings = {
				ALWAYS_SEARCH_USER_PATHS = NO;
				ASSETCATALOG_COMPILER_GENERATE_SWIFT_ASSET_SYMBOL_EXTENSIONS = YES;
				CLANG_ANALYZER_NONNULL = YES;
				CLANG_ANALYZER_NUMBER_OBJECT_CONVERSION = YES_AGGRESSIVE;
				CLANG_CXX_LANGUAGE_STANDARD = "gnu++20";
				CLANG_ENABLE_MODULES = YES;
				CLANG_ENABLE_OBJC_ARC = YES;
				CLANG_ENABLE_OBJC_WEAK = YES;
				CLANG_WARN_BLOCK_CAPTURE_AUTORELEASING = YES;
				CLANG_WARN_BOOL_CONVERSION = YES;
				CLANG_WARN_COMMA = YES;
				CLANG_WARN_CONSTANT_CONVERSION = YES;
				CLANG_WARN_DEPRECATED_OBJC_IMPLEMENTATIONS = YES;
				CLANG_WARN_DIRECT_OBJC_ISA_USAGE = YES_ERROR;
				CLANG_WARN_DOCUMENTATION_COMMENTS = YES;
				CLANG_WARN_EMPTY_BODY = YES;
				CLANG_WARN_ENUM_CONVERSION = YES;
				CLANG_WARN_INFINITE_RECURSION = YES;
				CLANG_WARN_INT_CONVERSION = YES;
				CLANG_WARN_NON_LITERAL_NULL_CONVERSION = YES;
				CLANG_WARN_OBJC_IMPLICIT_RETAIN_SELF = YES;
				CLANG_WARN_OBJC_LITERAL_CONVERSION = YES;
				CLANG_WARN_OBJC_ROOT_CLASS = YES_ERROR;
				CLANG_WARN_QUOTED_INCLUDE_IN_FRAMEWORK_HEADER = YES;
				CLANG_WARN_RANGE_LOOP_ANALYSIS = YES;
				CLANG_WARN_STRICT_PROTOTYPES = YES;
				CLANG_WARN_SUSPICIOUS_MOVE = YES;
				CLANG_WARN_UNGUARDED_AVAILABILITY = YES_AGGRESSIVE;
				CLANG_WARN_UNREACHABLE_CODE = YES;
				CLANG_WARN__DUPLICATE_METHOD_MATCH = YES;
				COPY_PHASE_STRIP = NO;
				DEBUG_INFORMATION_FORMAT = dwarf;
				ENABLE_STRICT_OBJC_MSGSEND = YES;
				ENABLE_TESTABILITY = YES;
				ENABLE_USER_SCRIPT_SANDBOXING = YES;
				GCC_C_LANGUAGE_STANDARD = gnu17;
				GCC_DYNAMIC_NO_PIC = NO;
				GCC_NO_COMMON_BLOCKS = YES;
				GCC_OPTIMIZATION_LEVEL = 0;
				GCC_PREPROCESSOR_DEFINITIONS = (
					"DEBUG=1",
					"$(inherited)",
				);
				GCC_WARN_64_TO_32_BIT_CONVERSION = YES;
				GCC_WARN_ABOUT_RETURN_TYPE = YES_ERROR;
				GCC_WARN_UNDECLARED_SELECTOR = YES;
				GCC_WARN_UNINITIALIZED_AUTOS = YES_AGGRESSIVE;
				GCC_WARN_UNUSED_FUNCTION = YES;
				GCC_WARN_UNUSED_VARIABLE = YES;
				IPHONEOS_DEPLOYMENT_TARGET = 17.4;
				LOCALIZATION_PREFERS_STRING_CATALOGS = YES;
				MTL_ENABLE_DEBUG_INFO = INCLUDE_SOURCE;
				MTL_FAST_MATH = YES;
				ONLY_ACTIVE_ARCH = YES;
				SDKROOT = iphoneos;
				SWIFT_ACTIVE_COMPILATION_CONDITIONS = "DEBUG $(inherited)";
				SWIFT_OPTIMIZATION_LEVEL = "-Onone";
			};
			name = Debug;
		};
		16A64F442BADD10B00B659C3 /* Release */ = {
			isa = XCBuildConfiguration;
			buildSettings = {
				ALWAYS_SEARCH_USER_PATHS = NO;
				ASSETCATALOG_COMPILER_GENERATE_SWIFT_ASSET_SYMBOL_EXTENSIONS = YES;
				CLANG_ANALYZER_NONNULL = YES;
				CLANG_ANALYZER_NUMBER_OBJECT_CONVERSION = YES_AGGRESSIVE;
				CLANG_CXX_LANGUAGE_STANDARD = "gnu++20";
				CLANG_ENABLE_MODULES = YES;
				CLANG_ENABLE_OBJC_ARC = YES;
				CLANG_ENABLE_OBJC_WEAK = YES;
				CLANG_WARN_BLOCK_CAPTURE_AUTORELEASING = YES;
				CLANG_WARN_BOOL_CONVERSION = YES;
				CLANG_WARN_COMMA = YES;
				CLANG_WARN_CONSTANT_CONVERSION = YES;
				CLANG_WARN_DEPRECATED_OBJC_IMPLEMENTATIONS = YES;
				CLANG_WARN_DIRECT_OBJC_ISA_USAGE = YES_ERROR;
				CLANG_WARN_DOCUMENTATION_COMMENTS = YES;
				CLANG_WARN_EMPTY_BODY = YES;
				CLANG_WARN_ENUM_CONVERSION = YES;
				CLANG_WARN_INFINITE_RECURSION = YES;
				CLANG_WARN_INT_CONVERSION = YES;
				CLANG_WARN_NON_LITERAL_NULL_CONVERSION = YES;
				CLANG_WARN_OBJC_IMPLICIT_RETAIN_SELF = YES;
				CLANG_WARN_OBJC_LITERAL_CONVERSION = YES;
				CLANG_WARN_OBJC_ROOT_CLASS = YES_ERROR;
				CLANG_WARN_QUOTED_INCLUDE_IN_FRAMEWORK_HEADER = YES;
				CLANG_WARN_RANGE_LOOP_ANALYSIS = YES;
				CLANG_WARN_STRICT_PROTOTYPES = YES;
				CLANG_WARN_SUSPICIOUS_MOVE = YES;
				CLANG_WARN_UNGUARDED_AVAILABILITY = YES_AGGRESSIVE;
				CLANG_WARN_UNREACHABLE_CODE = YES;
				CLANG_WARN__DUPLICATE_METHOD_MATCH = YES;
				COPY_PHASE_STRIP = NO;
				DEBUG_INFORMATION_FORMAT = "dwarf-with-dsym";
				ENABLE_NS_ASSERTIONS = NO;
				ENABLE_STRICT_OBJC_MSGSEND = YES;
				ENABLE_USER_SCRIPT_SANDBOXING = YES;
				GCC_C_LANGUAGE_STANDARD = gnu17;
				GCC_NO_COMMON_BLOCKS = YES;
				GCC_WARN_64_TO_32_BIT_CONVERSION = YES;
				GCC_WARN_ABOUT_RETURN_TYPE = YES_ERROR;
				GCC_WARN_UNDECLARED_SELECTOR = YES;
				GCC_WARN_UNINITIALIZED_AUTOS = YES_AGGRESSIVE;
				GCC_WARN_UNUSED_FUNCTION = YES;
				GCC_WARN_UNUSED_VARIABLE = YES;
				IPHONEOS_DEPLOYMENT_TARGET = 17.4;
				LOCALIZATION_PREFERS_STRING_CATALOGS = YES;
				MTL_ENABLE_DEBUG_INFO = NO;
				MTL_FAST_MATH = YES;
				SDKROOT = iphoneos;
				SWIFT_COMPILATION_MODE = wholemodule;
				VALIDATE_PRODUCT = YES;
			};
			name = Release;
		};
		16A64F462BADD10C00B659C3 /* Debug */ = {
			isa = XCBuildConfiguration;
			buildSettings = {
				ASSETCATALOG_COMPILER_APPICON_NAME = AppIcon;
				ASSETCATALOG_COMPILER_GLOBAL_ACCENT_COLOR_NAME = AccentColor;
				CODE_SIGN_STYLE = Automatic;
				CURRENT_PROJECT_VERSION = 1;
				DEVELOPMENT_ASSET_PATHS = "\"UniBookMi-IOS/Preview Content\"";
				ENABLE_PREVIEWS = YES;
				GENERATE_INFOPLIST_FILE = YES;
				INFOPLIST_KEY_UIApplicationSceneManifest_Generation = YES;
				INFOPLIST_KEY_UIApplicationSupportsIndirectInputEvents = YES;
				INFOPLIST_KEY_UILaunchScreen_Generation = YES;
				INFOPLIST_KEY_UISupportedInterfaceOrientations_iPad = "UIInterfaceOrientationPortrait UIInterfaceOrientationPortraitUpsideDown UIInterfaceOrientationLandscapeLeft UIInterfaceOrientationLandscapeRight";
				INFOPLIST_KEY_UISupportedInterfaceOrientations_iPhone = "UIInterfaceOrientationPortrait UIInterfaceOrientationLandscapeLeft UIInterfaceOrientationLandscapeRight";
				IPHONEOS_DEPLOYMENT_TARGET = 17.0;
				LD_RUNPATH_SEARCH_PATHS = (
					"$(inherited)",
					"@executable_path/Frameworks",
				);
				MARKETING_VERSION = 1.0;
				PRODUCT_BUNDLE_IDENTIFIER = "www.giuly.UniBookMi-IOS";
				PRODUCT_NAME = "$(TARGET_NAME)";
				SWIFT_EMIT_LOC_STRINGS = YES;
				SWIFT_VERSION = 5.0;
				TARGETED_DEVICE_FAMILY = "1,2";
			};
			name = Debug;
		};
		16A64F472BADD10C00B659C3 /* Release */ = {
			isa = XCBuildConfiguration;
			buildSettings = {
				ASSETCATALOG_COMPILER_APPICON_NAME = AppIcon;
				ASSETCATALOG_COMPILER_GLOBAL_ACCENT_COLOR_NAME = AccentColor;
				CODE_SIGN_STYLE = Automatic;
				CURRENT_PROJECT_VERSION = 1;
				DEVELOPMENT_ASSET_PATHS = "\"UniBookMi-IOS/Preview Content\"";
				ENABLE_PREVIEWS = YES;
				GENERATE_INFOPLIST_FILE = YES;
				INFOPLIST_KEY_UIApplicationSceneManifest_Generation = YES;
				INFOPLIST_KEY_UIApplicationSupportsIndirectInputEvents = YES;
				INFOPLIST_KEY_UILaunchScreen_Generation = YES;
				INFOPLIST_KEY_UISupportedInterfaceOrientations_iPad = "UIInterfaceOrientationPortrait UIInterfaceOrientationPortraitUpsideDown UIInterfaceOrientationLandscapeLeft UIInterfaceOrientationLandscapeRight";
				INFOPLIST_KEY_UISupportedInterfaceOrientations_iPhone = "UIInterfaceOrientationPortrait UIInterfaceOrientationLandscapeLeft UIInterfaceOrientationLandscapeRight";
				IPHONEOS_DEPLOYMENT_TARGET = 17.0;
				LD_RUNPATH_SEARCH_PATHS = (
					"$(inherited)",
					"@executable_path/Frameworks",
				);
				MARKETING_VERSION = 1.0;
				PRODUCT_BUNDLE_IDENTIFIER = "www.giuly.UniBookMi-IOS";
				PRODUCT_NAME = "$(TARGET_NAME)";
				SWIFT_EMIT_LOC_STRINGS = YES;
				SWIFT_VERSION = 5.0;
				TARGETED_DEVICE_FAMILY = "1,2";
			};
			name = Release;
		};
/* End XCBuildConfiguration section */

/* Begin XCConfigurationList section */
		16A64F322BADD10800B659C3 /* Build configuration list for PBXProject "UniBookMi-IOS" */ = {
			isa = XCConfigurationList;
			buildConfigurations = (
				16A64F432BADD10B00B659C3 /* Debug */,
				16A64F442BADD10B00B659C3 /* Release */,
			);
			defaultConfigurationIsVisible = 0;
			defaultConfigurationName = Release;
		};
		16A64F452BADD10C00B659C3 /* Build configuration list for PBXNativeTarget "UniBookMi-IOS" */ = {
			isa = XCConfigurationList;
			buildConfigurations = (
				16A64F462BADD10C00B659C3 /* Debug */,
				16A64F472BADD10C00B659C3 /* Release */,
			);
			defaultConfigurationIsVisible = 0;
			defaultConfigurationName = Release;
		};
/* End XCConfigurationList section */

/* Begin XCRemoteSwiftPackageReference section */
		1629B1942BB4559E007ADF0E /* XCRemoteSwiftPackageReference "ProgressHUD" */ = {
			isa = XCRemoteSwiftPackageReference;
			repositoryURL = "https://github.com/relatedcode/ProgressHUD.git";
			requirement = {
				kind = upToNextMajorVersion;
				minimumVersion = 14.1.1;
			};
		};
		1629B1972BB455B2007ADF0E /* XCRemoteSwiftPackageReference "firebase-ios-sdk" */ = {
			isa = XCRemoteSwiftPackageReference;
			repositoryURL = "https://github.com/firebase/firebase-ios-sdk.git";
			requirement = {
				kind = upToNextMajorVersion;
				minimumVersion = 10.23.0;
			};
		};
/* End XCRemoteSwiftPackageReference section */

/* Begin XCSwiftPackageProductDependency section */
		1629B1952BB4559E007ADF0E /* ProgressHUD */ = {
			isa = XCSwiftPackageProductDependency;
			package = 1629B1942BB4559E007ADF0E /* XCRemoteSwiftPackageReference "ProgressHUD" */;
			productName = ProgressHUD;
		};
		1629B19C2BB45879007ADF0E /* FirebaseAnalytics */ = {
			isa = XCSwiftPackageProductDependency;
			package = 1629B1972BB455B2007ADF0E /* XCRemoteSwiftPackageReference "firebase-ios-sdk" */;
			productName = FirebaseAnalytics;
		};
		1629B19E2BB45879007ADF0E /* FirebaseAnalyticsOnDeviceConversion */ = {
			isa = XCSwiftPackageProductDependency;
			package = 1629B1972BB455B2007ADF0E /* XCRemoteSwiftPackageReference "firebase-ios-sdk" */;
			productName = FirebaseAnalyticsOnDeviceConversion;
		};
		1629B1A02BB45879007ADF0E /* FirebaseAnalyticsSwift */ = {
			isa = XCSwiftPackageProductDependency;
			package = 1629B1972BB455B2007ADF0E /* XCRemoteSwiftPackageReference "firebase-ios-sdk" */;
			productName = FirebaseAnalyticsSwift;
		};
		1629B1A22BB45879007ADF0E /* FirebaseAnalyticsWithoutAdIdSupport */ = {
			isa = XCSwiftPackageProductDependency;
			package = 1629B1972BB455B2007ADF0E /* XCRemoteSwiftPackageReference "firebase-ios-sdk" */;
			productName = FirebaseAnalyticsWithoutAdIdSupport;
		};
		1629B1A42BB45879007ADF0E /* FirebaseAppCheck */ = {
			isa = XCSwiftPackageProductDependency;
			package = 1629B1972BB455B2007ADF0E /* XCRemoteSwiftPackageReference "firebase-ios-sdk" */;
			productName = FirebaseAppCheck;
		};
		1629B1A62BB45879007ADF0E /* FirebaseAppDistribution-Beta */ = {
			isa = XCSwiftPackageProductDependency;
			package = 1629B1972BB455B2007ADF0E /* XCRemoteSwiftPackageReference "firebase-ios-sdk" */;
			productName = "FirebaseAppDistribution-Beta";
		};
		1629B1A82BB45879007ADF0E /* FirebaseAuth */ = {
			isa = XCSwiftPackageProductDependency;
			package = 1629B1972BB455B2007ADF0E /* XCRemoteSwiftPackageReference "firebase-ios-sdk" */;
			productName = FirebaseAuth;
		};
		1629B1AA2BB45879007ADF0E /* FirebaseAuthCombine-Community */ = {
			isa = XCSwiftPackageProductDependency;
			package = 1629B1972BB455B2007ADF0E /* XCRemoteSwiftPackageReference "firebase-ios-sdk" */;
			productName = "FirebaseAuthCombine-Community";
		};
		1629B1AC2BB45879007ADF0E /* FirebaseCrashlytics */ = {
			isa = XCSwiftPackageProductDependency;
			package = 1629B1972BB455B2007ADF0E /* XCRemoteSwiftPackageReference "firebase-ios-sdk" */;
			productName = FirebaseCrashlytics;
		};
		1629B1AE2BB45879007ADF0E /* FirebaseDatabase */ = {
			isa = XCSwiftPackageProductDependency;
			package = 1629B1972BB455B2007ADF0E /* XCRemoteSwiftPackageReference "firebase-ios-sdk" */;
			productName = FirebaseDatabase;
		};
		1629B1B02BB45879007ADF0E /* FirebaseDatabaseSwift */ = {
			isa = XCSwiftPackageProductDependency;
			package = 1629B1972BB455B2007ADF0E /* XCRemoteSwiftPackageReference "firebase-ios-sdk" */;
			productName = FirebaseDatabaseSwift;
		};
		1629B1B22BB45879007ADF0E /* FirebaseDynamicLinks */ = {
			isa = XCSwiftPackageProductDependency;
			package = 1629B1972BB455B2007ADF0E /* XCRemoteSwiftPackageReference "firebase-ios-sdk" */;
			productName = FirebaseDynamicLinks;
		};
		1629B1B42BB45879007ADF0E /* FirebaseFirestore */ = {
			isa = XCSwiftPackageProductDependency;
			package = 1629B1972BB455B2007ADF0E /* XCRemoteSwiftPackageReference "firebase-ios-sdk" */;
			productName = FirebaseFirestore;
		};
		1629B1B62BB45879007ADF0E /* FirebaseFirestoreCombine-Community */ = {
			isa = XCSwiftPackageProductDependency;
			package = 1629B1972BB455B2007ADF0E /* XCRemoteSwiftPackageReference "firebase-ios-sdk" */;
			productName = "FirebaseFirestoreCombine-Community";
		};
		1629B1B82BB45879007ADF0E /* FirebaseFirestoreSwift */ = {
			isa = XCSwiftPackageProductDependency;
			package = 1629B1972BB455B2007ADF0E /* XCRemoteSwiftPackageReference "firebase-ios-sdk" */;
			productName = FirebaseFirestoreSwift;
		};
		1629B1BA2BB45879007ADF0E /* FirebaseFunctions */ = {
			isa = XCSwiftPackageProductDependency;
			package = 1629B1972BB455B2007ADF0E /* XCRemoteSwiftPackageReference "firebase-ios-sdk" */;
			productName = FirebaseFunctions;
		};
		1629B1BC2BB45879007ADF0E /* FirebaseFunctionsCombine-Community */ = {
			isa = XCSwiftPackageProductDependency;
			package = 1629B1972BB455B2007ADF0E /* XCRemoteSwiftPackageReference "firebase-ios-sdk" */;
			productName = "FirebaseFunctionsCombine-Community";
		};
		1629B1BE2BB45879007ADF0E /* FirebaseInAppMessaging-Beta */ = {
			isa = XCSwiftPackageProductDependency;
			package = 1629B1972BB455B2007ADF0E /* XCRemoteSwiftPackageReference "firebase-ios-sdk" */;
			productName = "FirebaseInAppMessaging-Beta";
		};
		1629B1C02BB45879007ADF0E /* FirebaseInAppMessagingSwift-Beta */ = {
			isa = XCSwiftPackageProductDependency;
			package = 1629B1972BB455B2007ADF0E /* XCRemoteSwiftPackageReference "firebase-ios-sdk" */;
			productName = "FirebaseInAppMessagingSwift-Beta";
		};
		1629B1C22BB45879007ADF0E /* FirebaseInstallations */ = {
			isa = XCSwiftPackageProductDependency;
			package = 1629B1972BB455B2007ADF0E /* XCRemoteSwiftPackageReference "firebase-ios-sdk" */;
			productName = FirebaseInstallations;
		};
		1629B1C42BB45879007ADF0E /* FirebaseMessaging */ = {
			isa = XCSwiftPackageProductDependency;
			package = 1629B1972BB455B2007ADF0E /* XCRemoteSwiftPackageReference "firebase-ios-sdk" */;
			productName = FirebaseMessaging;
		};
		1629B1C62BB45879007ADF0E /* FirebaseMLModelDownloader */ = {
			isa = XCSwiftPackageProductDependency;
			package = 1629B1972BB455B2007ADF0E /* XCRemoteSwiftPackageReference "firebase-ios-sdk" */;
			productName = FirebaseMLModelDownloader;
		};
		1629B1C82BB4587A007ADF0E /* FirebasePerformance */ = {
			isa = XCSwiftPackageProductDependency;
			package = 1629B1972BB455B2007ADF0E /* XCRemoteSwiftPackageReference "firebase-ios-sdk" */;
			productName = FirebasePerformance;
		};
		1629B1CA2BB4587A007ADF0E /* FirebaseRemoteConfig */ = {
			isa = XCSwiftPackageProductDependency;
			package = 1629B1972BB455B2007ADF0E /* XCRemoteSwiftPackageReference "firebase-ios-sdk" */;
			productName = FirebaseRemoteConfig;
		};
		1629B1CC2BB4587A007ADF0E /* FirebaseRemoteConfigSwift */ = {
			isa = XCSwiftPackageProductDependency;
			package = 1629B1972BB455B2007ADF0E /* XCRemoteSwiftPackageReference "firebase-ios-sdk" */;
			productName = FirebaseRemoteConfigSwift;
		};
		1629B1CE2BB4587A007ADF0E /* FirebaseStorage */ = {
			isa = XCSwiftPackageProductDependency;
			package = 1629B1972BB455B2007ADF0E /* XCRemoteSwiftPackageReference "firebase-ios-sdk" */;
			productName = FirebaseStorage;
		};
		1629B1D02BB4587A007ADF0E /* FirebaseStorageCombine-Community */ = {
			isa = XCSwiftPackageProductDependency;
			package = 1629B1972BB455B2007ADF0E /* XCRemoteSwiftPackageReference "firebase-ios-sdk" */;
			productName = "FirebaseStorageCombine-Community";
		};
/* End XCSwiftPackageProductDependency section */
	};
	rootObject = 16A64F2F2BADD10800B659C3 /* Project object */;
}
